
Microsoft Visual Studio Solution File, Format Version 12.00
# Visual Studio Version 17
VisualStudioVersion = 17.3.32825.248
MinimumVisualStudioVersion = 10.0.40219.1
Project("{2150E333-8FDC-42A3-9474-1A3956D46DE8}") = "A - Exceptions", "A - Exceptions", "{52F11AA0-30C6-4A7A-9C51-9859FF1BBED5}"
EndProject
Project("{2150E333-8FDC-42A3-9474-1A3956D46DE8}") = "B - Pattern Matchings", "B - Pattern Matchings", "{1BDAA468-1224-4F2B-8285-585FE2F86C52}"
EndProject
Project("{2150E333-8FDC-42A3-9474-1A3956D46DE8}") = "C - Collections", "C - Collections", "{0D84BAFF-3283-44F5-BFDB-23D661B43DAE}"
EndProject
Project("{2150E333-8FDC-42A3-9474-1A3956D46DE8}") = "D - LINQ", "D - LINQ", "{C198907D-ECD1-4656-AB6C-469CD8F92012}"
EndProject
Project("{2150E333-8FDC-42A3-9474-1A3956D46DE8}") = "E - Extensions", "E - Extensions", "{FEFE7F3B-BBE9-4225-BFBD-A88B0E66D6B6}"
EndProject
Project("{2150E333-8FDC-42A3-9474-1A3956D46DE8}") = "F - Readonly", "F - Readonly", "{51BC2D61-60FA-4D77-A58D-D05D1AFD4481}"
EndProject
Project("{2150E333-8FDC-42A3-9474-1A3956D46DE8}") = "G - Records", "G - Records", "{03E8AE98-284D-48BB-AC0C-8964629F2108}"
EndProject
Project("{2150E333-8FDC-42A3-9474-1A3956D46DE8}") = "H - Diagnostics and Debugging", "H - Diagnostics and Debugging", "{F1949F5C-D2B4-4B9A-9570-CD6305C8F5E7}"
EndProject
Project("{9A19103F-16F7-4668-BE54-9A1E7A4F7556}") = "01 - Exception Filters", "01 - Exception Filters\01 - Exception Filters.csproj", "{BFFFEB45-46BC-4E44-9582-3BEDBE17353B}"
EndProject
Project("{9A19103F-16F7-4668-BE54-9A1E7A4F7556}") = "Data", "Data\Data.csproj", "{48054231-C4C1-4AA2-816D-E3716A4086DE}"
EndProject
Project("{9A19103F-16F7-4668-BE54-9A1E7A4F7556}") = "01 - Exception Filters Complete", "01 - Exception Filters Complete\01 - Exception Filters Complete.csproj", "{8030FB57-BEBC-430A-9C58-0290886AB55A}"
EndProject
Project("{9A19103F-16F7-4668-BE54-9A1E7A4F7556}") = "02 - Rethrowing Exceptions", "02 - Rethrowing Exceptions\02 - Rethrowing Exceptions.csproj", "{F600C7B2-4D10-4B77-9AFB-47BE7B45AE43}"
EndProject
Project("{9A19103F-16F7-4668-BE54-9A1E7A4F7556}") = "02 - Rethrowing Exceptions Complete", "02 - Rethrowing Exceptions Complete\02 - Rethrowing Exceptions Complete.csproj", "{69626491-21CC-465B-8DD7-F304C7BE85F9}"
EndProject
Project("{9A19103F-16F7-4668-BE54-9A1E7A4F7556}") = "03 - Throw Expressions", "03 - Throw Expressions\03 - Throw Expressions.csproj", "{E9CD728E-7C0B-4AD1-B482-CE7DF2930067}"
EndProject
Project("{9A19103F-16F7-4668-BE54-9A1E7A4F7556}") = "01 - To Be or Not To Be Null", "01 - To Be or Not To Be Null\01 - To Be or Not To Be Null.csproj", "{829D9879-1F94-4998-966C-1CDB94971E7D}"
EndProject
Project("{9A19103F-16F7-4668-BE54-9A1E7A4F7556}") = "02 - Positional Patterns", "02 - Positional Patterns\02 - Positional Patterns.csproj", "{046EAE09-4449-46C6-BD6D-3D75E4ED0BF3}"
EndProject
Project("{9A19103F-16F7-4668-BE54-9A1E7A4F7556}") = "03 - The Edge of Pattern Matching", "03 - The Edge of Pattern Matching\03 - The Edge of Pattern Matching.csproj", "{2779EF11-08B0-480B-84EF-739D78C85393}"
EndProject
Project("{9A19103F-16F7-4668-BE54-9A1E7A4F7556}") = "03 - The Edge of Pattern Matching Complete", "03 - The Edge of Pattern Matching Complete\03 - The Edge of Pattern Matching Complete.csproj", "{5B606482-100F-4DD3-8C7A-3CC441859630}"
EndProject
Project("{9A19103F-16F7-4668-BE54-9A1E7A4F7556}") = "01 - Dictionary Problems", "01 - Dictionary Problems\01 - Dictionary Problems.csproj", "{BC580ABA-F988-416A-B3E5-DFBF74B4733D}"
EndProject
Project("{9A19103F-16F7-4668-BE54-9A1E7A4F7556}") = "02 - Records as Keys Complete", "02 - Records as Keys Complete\02 - Records as Keys Complete.csproj", "{6A18750C-0572-41A7-97A1-80D52B1119BF}"
EndProject
Project("{9A19103F-16F7-4668-BE54-9A1E7A4F7556}") = "01 - Parameter Modifiers", "01 - Parameter Modifiers\01 - Parameter Modifiers.csproj", "{A0C87C05-06B1-40DA-A31B-7EF05E38BD9D}"
EndProject
Project("{9A19103F-16F7-4668-BE54-9A1E7A4F7556}") = "02 - In", "02 - In\02 - In.csproj", "{F054F762-7E89-4C8F-8A24-8FC99498F055}"
EndProject
Project("{9A19103F-16F7-4668-BE54-9A1E7A4F7556}") = "03 - Private Protected", "03 - Private Protected\03 - Private Protected.csproj", "{E82BA72C-879E-4506-9C9C-8DB2A8AA8213}"
EndProject
Project("{9A19103F-16F7-4668-BE54-9A1E7A4F7556}") = "03 - Fibonacci Numbers", "03 - Fibonacci Numbers\03 - Fibonacci Numbers.csproj", "{E0150B5A-E815-46FA-9CDD-0ED8BD2C9925}"
EndProject
Project("{9A19103F-16F7-4668-BE54-9A1E7A4F7556}") = "01 - New LINQ Extensions Begin", "01 - New LINQ Extensions Begin\01 - New LINQ Extensions Begin.csproj", "{000A409A-80F8-4FEE-8C7C-B81FC56D4FE6}"
EndProject
Project("{9A19103F-16F7-4668-BE54-9A1E7A4F7556}") = "01 - New LINQ Extensions Complete", "01 - New LINQ Extensions Complete\01 - New LINQ Extensions Complete.csproj", "{D1170B08-B64A-4A51-9AF3-AD1E344D5B57}"
EndProject
Project("{9A19103F-16F7-4668-BE54-9A1E7A4F7556}") = "02 - LINQ Movie Buffs Begin", "02 - LINQ Movie Buffs Begin\02 - LINQ Movie Buffs Begin.csproj", "{16DC1328-EE10-4409-9098-DC0B9E0E324B}"
EndProject
Project("{9A19103F-16F7-4668-BE54-9A1E7A4F7556}") = "02 - LINQ Movie Buffs Complete", "02 - LINQ Movie Buffs Complete\02 - LINQ Movie Buffs Complete.csproj", "{40E96453-1F7A-4BE1-8191-E5AAEE9877C3}"
EndProject
Project("{9A19103F-16F7-4668-BE54-9A1E7A4F7556}") = "01 - Caller Info Attributes Revisited", "01 - Caller Info Attributes Revisited\01 - Caller Info Attributes Revisited.csproj", "{1398A784-25D4-4FED-ABC8-0AC93BD3E3A0}"
EndProject
Project("{9A19103F-16F7-4668-BE54-9A1E7A4F7556}") = "02 - Caller Argument Expression", "02 - Caller Argument Expression\02 - Caller Argument Expression.csproj", "{9273BF74-3A0F-453C-8172-DD6B20DCD7D3}"
EndProject
Project("{9A19103F-16F7-4668-BE54-9A1E7A4F7556}") = "03 - Sample LINQ Extension", "03 - Sample LINQ Extension\03 - Sample LINQ Extension.csproj", "{53B13285-8B1F-4BA3-A065-2D16A5FCCC91}"
EndProject
Project("{9A19103F-16F7-4668-BE54-9A1E7A4F7556}") = "04 - Controlling Appearance", "04 - Controlling Appearance\04 - Controlling Appearance.csproj", "{BBD46086-FCA2-4FC5-B61E-2ACCFAADD759}"
EndProject
Project("{9A19103F-16F7-4668-BE54-9A1E7A4F7556}") = "06 - Partial Methods", "06 - Partial Methods\06 - Partial Methods.csproj", "{81C6D70C-F75E-46FE-8D2E-720BA25431E5}"
EndProject
Project("{9A19103F-16F7-4668-BE54-9A1E7A4F7556}") = "07 - New Features for Partial Methods", "07 - New Features for Partial Methods\07 - New Features for Partial Methods.csproj", "{54978B6C-069D-4622-B3A7-5EF2FDE70064}"
EndProject
Project("{9A19103F-16F7-4668-BE54-9A1E7A4F7556}") = "01 - Extension Methods", "01 - Extension Methods\01 - Extension Methods.csproj", "{1CFB0BA2-CC3C-4E5B-9623-FF8429E1F6E0}"
EndProject
Project("{9A19103F-16F7-4668-BE54-9A1E7A4F7556}") = "01 - Extension Methods Complete", "01 - Extension Methods Complete\01 - Extension Methods Complete.csproj", "{0D0F09A9-2898-46F8-B8BF-0317A1F4DFFA}"
EndProject
Project("{9A19103F-16F7-4668-BE54-9A1E7A4F7556}") = "02 - Extending Interfaces", "02 - Extending Interfaces\02 - Extending Interfaces.csproj", "{985D6C21-8D03-4B5F-A458-90730646CDA6}"
EndProject
Project("{9A19103F-16F7-4668-BE54-9A1E7A4F7556}") = "03 - Collection Initializer Extensions", "03 - Collection Initializer Extensions\03 - Collection Initializer Extensions.csproj", "{6ECFFF95-787D-4B17-B468-5EA5D7296B7C}"
EndProject
Project("{9A19103F-16F7-4668-BE54-9A1E7A4F7556}") = "04 - Extension Enumerables", "04 - Extension Enumerables\04 - Extension Enumerables.csproj", "{6FBCF96F-368D-4F4B-ABC2-AC2955270DF4}"
EndProject
Project("{9A19103F-16F7-4668-BE54-9A1E7A4F7556}") = "05 - Extension Deconstructors", "05 - Extension Deconstructors\05 - Extension Deconstructors.csproj", "{550562B3-6555-4303-BB89-E4C20621D4AF}"
EndProject
Project("{9A19103F-16F7-4668-BE54-9A1E7A4F7556}") = "05 - Extension Deconstructors Complete", "05 - Extension Deconstructors Complete\05 - Extension Deconstructors Complete.csproj", "{A27ECBA0-DEB8-4AD9-8D7A-1687696E2AC0}"
EndProject
Project("{9A19103F-16F7-4668-BE54-9A1E7A4F7556}") = "01 - Indices", "01 - Indices\01 - Indices.csproj", "{30B02697-95E4-4A17-BE94-A535D4579BE5}"
EndProject
Project("{9A19103F-16F7-4668-BE54-9A1E7A4F7556}") = "02 - Ranges", "02 - Ranges\02 - Ranges.csproj", "{69777265-8EA7-4BA1-A051-DA196BF865CB}"
EndProject
Project("{9A19103F-16F7-4668-BE54-9A1E7A4F7556}") = "06 - Index and Range for Custom Types", "06 - Index and Range for Custom Types\06 - Index and Range for Custom Types.csproj", "{8AD4D8F0-5F2B-4C5C-A910-44BF4C317B2B}"
EndProject
Project("{9A19103F-16F7-4668-BE54-9A1E7A4F7556}") = "03 - PriorityQueue", "03 - PriorityQueue\03 - PriorityQueue.csproj", "{E6EE4F83-E07D-4CE7-8199-22C030AD2679}"
EndProject
Project("{9A19103F-16F7-4668-BE54-9A1E7A4F7556}") = "03 - Fibonacci Numbers Complete", "03 - Fibonacci Numbers Complete\03 - Fibonacci Numbers Complete.csproj", "{74ADE6F4-4ECD-4553-BBEF-3283E266B231}"
EndProject
Project("{FAE04EC0-301F-11D3-BF4B-00C04F79EFBC}") = "05 - Conditional", "05 - Conditional\05 - Conditional.csproj", "{E546EC8F-7D0E-4591-AADD-33B5BA2165E0}"
EndProject
Global
	GlobalSection(SolutionConfigurationPlatforms) = preSolution
		Debug|Any CPU = Debug|Any CPU
		Release|Any CPU = Release|Any CPU
	EndGlobalSection
	GlobalSection(ProjectConfigurationPlatforms) = postSolution
		{BFFFEB45-46BC-4E44-9582-3BEDBE17353B}.Debug|Any CPU.ActiveCfg = Debug|Any CPU
		{BFFFEB45-46BC-4E44-9582-3BEDBE17353B}.Debug|Any CPU.Build.0 = Debug|Any CPU
		{BFFFEB45-46BC-4E44-9582-3BEDBE17353B}.Release|Any CPU.ActiveCfg = Release|Any CPU
		{BFFFEB45-46BC-4E44-9582-3BEDBE17353B}.Release|Any CPU.Build.0 = Release|Any CPU
		{48054231-C4C1-4AA2-816D-E3716A4086DE}.Debug|Any CPU.ActiveCfg = Debug|Any CPU
		{48054231-C4C1-4AA2-816D-E3716A4086DE}.Debug|Any CPU.Build.0 = Debug|Any CPU
		{48054231-C4C1-4AA2-816D-E3716A4086DE}.Release|Any CPU.ActiveCfg = Release|Any CPU
		{48054231-C4C1-4AA2-816D-E3716A4086DE}.Release|Any CPU.Build.0 = Release|Any CPU
		{8030FB57-BEBC-430A-9C58-0290886AB55A}.Debug|Any CPU.ActiveCfg = Debug|Any CPU
		{8030FB57-BEBC-430A-9C58-0290886AB55A}.Debug|Any CPU.Build.0 = Debug|Any CPU
		{8030FB57-BEBC-430A-9C58-0290886AB55A}.Release|Any CPU.ActiveCfg = Release|Any CPU
		{8030FB57-BEBC-430A-9C58-0290886AB55A}.Release|Any CPU.Build.0 = Release|Any CPU
		{F600C7B2-4D10-4B77-9AFB-47BE7B45AE43}.Debug|Any CPU.ActiveCfg = Debug|Any CPU
		{F600C7B2-4D10-4B77-9AFB-47BE7B45AE43}.Debug|Any CPU.Build.0 = Debug|Any CPU
		{F600C7B2-4D10-4B77-9AFB-47BE7B45AE43}.Release|Any CPU.ActiveCfg = Release|Any CPU
		{F600C7B2-4D10-4B77-9AFB-47BE7B45AE43}.Release|Any CPU.Build.0 = Release|Any CPU
		{69626491-21CC-465B-8DD7-F304C7BE85F9}.Debug|Any CPU.ActiveCfg = Debug|Any CPU
		{69626491-21CC-465B-8DD7-F304C7BE85F9}.Debug|Any CPU.Build.0 = Debug|Any CPU
		{69626491-21CC-465B-8DD7-F304C7BE85F9}.Release|Any CPU.ActiveCfg = Release|Any CPU
		{69626491-21CC-465B-8DD7-F304C7BE85F9}.Release|Any CPU.Build.0 = Release|Any CPU
		{E9CD728E-7C0B-4AD1-B482-CE7DF2930067}.Debug|Any CPU.ActiveCfg = Debug|Any CPU
		{E9CD728E-7C0B-4AD1-B482-CE7DF2930067}.Debug|Any CPU.Build.0 = Debug|Any CPU
		{E9CD728E-7C0B-4AD1-B482-CE7DF2930067}.Release|Any CPU.ActiveCfg = Release|Any CPU
		{E9CD728E-7C0B-4AD1-B482-CE7DF2930067}.Release|Any CPU.Build.0 = Release|Any CPU
		{829D9879-1F94-4998-966C-1CDB94971E7D}.Debug|Any CPU.ActiveCfg = Debug|Any CPU
		{829D9879-1F94-4998-966C-1CDB94971E7D}.Debug|Any CPU.Build.0 = Debug|Any CPU
		{829D9879-1F94-4998-966C-1CDB94971E7D}.Release|Any CPU.ActiveCfg = Release|Any CPU
		{829D9879-1F94-4998-966C-1CDB94971E7D}.Release|Any CPU.Build.0 = Release|Any CPU
		{046EAE09-4449-46C6-BD6D-3D75E4ED0BF3}.Debug|Any CPU.ActiveCfg = Debug|Any CPU
		{046EAE09-4449-46C6-BD6D-3D75E4ED0BF3}.Debug|Any CPU.Build.0 = Debug|Any CPU
		{046EAE09-4449-46C6-BD6D-3D75E4ED0BF3}.Release|Any CPU.ActiveCfg = Release|Any CPU
		{046EAE09-4449-46C6-BD6D-3D75E4ED0BF3}.Release|Any CPU.Build.0 = Release|Any CPU
		{2779EF11-08B0-480B-84EF-739D78C85393}.Debug|Any CPU.ActiveCfg = Debug|Any CPU
		{2779EF11-08B0-480B-84EF-739D78C85393}.Debug|Any CPU.Build.0 = Debug|Any CPU
		{2779EF11-08B0-480B-84EF-739D78C85393}.Release|Any CPU.ActiveCfg = Release|Any CPU
		{2779EF11-08B0-480B-84EF-739D78C85393}.Release|Any CPU.Build.0 = Release|Any CPU
		{5B606482-100F-4DD3-8C7A-3CC441859630}.Debug|Any CPU.ActiveCfg = Debug|Any CPU
		{5B606482-100F-4DD3-8C7A-3CC441859630}.Debug|Any CPU.Build.0 = Debug|Any CPU
		{5B606482-100F-4DD3-8C7A-3CC441859630}.Release|Any CPU.ActiveCfg = Release|Any CPU
		{5B606482-100F-4DD3-8C7A-3CC441859630}.Release|Any CPU.Build.0 = Release|Any CPU
		{BC580ABA-F988-416A-B3E5-DFBF74B4733D}.Debug|Any CPU.ActiveCfg = Debug|Any CPU
		{BC580ABA-F988-416A-B3E5-DFBF74B4733D}.Debug|Any CPU.Build.0 = Debug|Any CPU
		{BC580ABA-F988-416A-B3E5-DFBF74B4733D}.Release|Any CPU.ActiveCfg = Release|Any CPU
		{BC580ABA-F988-416A-B3E5-DFBF74B4733D}.Release|Any CPU.Build.0 = Release|Any CPU
		{6A18750C-0572-41A7-97A1-80D52B1119BF}.Debug|Any CPU.ActiveCfg = Debug|Any CPU
		{6A18750C-0572-41A7-97A1-80D52B1119BF}.Debug|Any CPU.Build.0 = Debug|Any CPU
		{6A18750C-0572-41A7-97A1-80D52B1119BF}.Release|Any CPU.ActiveCfg = Release|Any CPU
		{6A18750C-0572-41A7-97A1-80D52B1119BF}.Release|Any CPU.Build.0 = Release|Any CPU
		{A0C87C05-06B1-40DA-A31B-7EF05E38BD9D}.Debug|Any CPU.ActiveCfg = Debug|Any CPU
		{A0C87C05-06B1-40DA-A31B-7EF05E38BD9D}.Debug|Any CPU.Build.0 = Debug|Any CPU
		{A0C87C05-06B1-40DA-A31B-7EF05E38BD9D}.Release|Any CPU.ActiveCfg = Release|Any CPU
		{A0C87C05-06B1-40DA-A31B-7EF05E38BD9D}.Release|Any CPU.Build.0 = Release|Any CPU
		{F054F762-7E89-4C8F-8A24-8FC99498F055}.Debug|Any CPU.ActiveCfg = Debug|Any CPU
		{F054F762-7E89-4C8F-8A24-8FC99498F055}.Debug|Any CPU.Build.0 = Debug|Any CPU
		{F054F762-7E89-4C8F-8A24-8FC99498F055}.Release|Any CPU.ActiveCfg = Release|Any CPU
		{F054F762-7E89-4C8F-8A24-8FC99498F055}.Release|Any CPU.Build.0 = Release|Any CPU
		{E82BA72C-879E-4506-9C9C-8DB2A8AA8213}.Debug|Any CPU.ActiveCfg = Debug|Any CPU
		{E82BA72C-879E-4506-9C9C-8DB2A8AA8213}.Debug|Any CPU.Build.0 = Debug|Any CPU
		{E82BA72C-879E-4506-9C9C-8DB2A8AA8213}.Release|Any CPU.ActiveCfg = Release|Any CPU
		{E82BA72C-879E-4506-9C9C-8DB2A8AA8213}.Release|Any CPU.Build.0 = Release|Any CPU
		{E0150B5A-E815-46FA-9CDD-0ED8BD2C9925}.Debug|Any CPU.ActiveCfg = Debug|Any CPU
		{E0150B5A-E815-46FA-9CDD-0ED8BD2C9925}.Debug|Any CPU.Build.0 = Debug|Any CPU
		{E0150B5A-E815-46FA-9CDD-0ED8BD2C9925}.Release|Any CPU.ActiveCfg = Release|Any CPU
		{E0150B5A-E815-46FA-9CDD-0ED8BD2C9925}.Release|Any CPU.Build.0 = Release|Any CPU
		{000A409A-80F8-4FEE-8C7C-B81FC56D4FE6}.Debug|Any CPU.ActiveCfg = Debug|Any CPU
		{000A409A-80F8-4FEE-8C7C-B81FC56D4FE6}.Debug|Any CPU.Build.0 = Debug|Any CPU
		{000A409A-80F8-4FEE-8C7C-B81FC56D4FE6}.Release|Any CPU.ActiveCfg = Release|Any CPU
		{000A409A-80F8-4FEE-8C7C-B81FC56D4FE6}.Release|Any CPU.Build.0 = Release|Any CPU
		{D1170B08-B64A-4A51-9AF3-AD1E344D5B57}.Debug|Any CPU.ActiveCfg = Debug|Any CPU
		{D1170B08-B64A-4A51-9AF3-AD1E344D5B57}.Debug|Any CPU.Build.0 = Debug|Any CPU
		{D1170B08-B64A-4A51-9AF3-AD1E344D5B57}.Release|Any CPU.ActiveCfg = Release|Any CPU
		{D1170B08-B64A-4A51-9AF3-AD1E344D5B57}.Release|Any CPU.Build.0 = Release|Any CPU
		{16DC1328-EE10-4409-9098-DC0B9E0E324B}.Debug|Any CPU.ActiveCfg = Debug|Any CPU
		{16DC1328-EE10-4409-9098-DC0B9E0E324B}.Debug|Any CPU.Build.0 = Debug|Any CPU
		{16DC1328-EE10-4409-9098-DC0B9E0E324B}.Release|Any CPU.ActiveCfg = Release|Any CPU
		{16DC1328-EE10-4409-9098-DC0B9E0E324B}.Release|Any CPU.Build.0 = Release|Any CPU
		{40E96453-1F7A-4BE1-8191-E5AAEE9877C3}.Debug|Any CPU.ActiveCfg = Debug|Any CPU
		{40E96453-1F7A-4BE1-8191-E5AAEE9877C3}.Debug|Any CPU.Build.0 = Debug|Any CPU
		{40E96453-1F7A-4BE1-8191-E5AAEE9877C3}.Release|Any CPU.ActiveCfg = Release|Any CPU
		{40E96453-1F7A-4BE1-8191-E5AAEE9877C3}.Release|Any CPU.Build.0 = Release|Any CPU
		{1398A784-25D4-4FED-ABC8-0AC93BD3E3A0}.Debug|Any CPU.ActiveCfg = Debug|Any CPU
		{1398A784-25D4-4FED-ABC8-0AC93BD3E3A0}.Debug|Any CPU.Build.0 = Debug|Any CPU
		{1398A784-25D4-4FED-ABC8-0AC93BD3E3A0}.Release|Any CPU.ActiveCfg = Release|Any CPU
		{1398A784-25D4-4FED-ABC8-0AC93BD3E3A0}.Release|Any CPU.Build.0 = Release|Any CPU
		{9273BF74-3A0F-453C-8172-DD6B20DCD7D3}.Debug|Any CPU.ActiveCfg = Debug|Any CPU
		{9273BF74-3A0F-453C-8172-DD6B20DCD7D3}.Debug|Any CPU.Build.0 = Debug|Any CPU
		{9273BF74-3A0F-453C-8172-DD6B20DCD7D3}.Release|Any CPU.ActiveCfg = Release|Any CPU
		{9273BF74-3A0F-453C-8172-DD6B20DCD7D3}.Release|Any CPU.Build.0 = Release|Any CPU
		{53B13285-8B1F-4BA3-A065-2D16A5FCCC91}.Debug|Any CPU.ActiveCfg = Debug|Any CPU
		{53B13285-8B1F-4BA3-A065-2D16A5FCCC91}.Debug|Any CPU.Build.0 = Debug|Any CPU
		{53B13285-8B1F-4BA3-A065-2D16A5FCCC91}.Release|Any CPU.ActiveCfg = Release|Any CPU
		{53B13285-8B1F-4BA3-A065-2D16A5FCCC91}.Release|Any CPU.Build.0 = Release|Any CPU
		{BBD46086-FCA2-4FC5-B61E-2ACCFAADD759}.Debug|Any CPU.ActiveCfg = Debug|Any CPU
		{BBD46086-FCA2-4FC5-B61E-2ACCFAADD759}.Debug|Any CPU.Build.0 = Debug|Any CPU
		{BBD46086-FCA2-4FC5-B61E-2ACCFAADD759}.Release|Any CPU.ActiveCfg = Release|Any CPU
		{BBD46086-FCA2-4FC5-B61E-2ACCFAADD759}.Release|Any CPU.Build.0 = Release|Any CPU
		{81C6D70C-F75E-46FE-8D2E-720BA25431E5}.Debug|Any CPU.ActiveCfg = Debug|Any CPU
		{81C6D70C-F75E-46FE-8D2E-720BA25431E5}.Debug|Any CPU.Build.0 = Debug|Any CPU
		{81C6D70C-F75E-46FE-8D2E-720BA25431E5}.Release|Any CPU.ActiveCfg = Release|Any CPU
		{81C6D70C-F75E-46FE-8D2E-720BA25431E5}.Release|Any CPU.Build.0 = Release|Any CPU
		{54978B6C-069D-4622-B3A7-5EF2FDE70064}.Debug|Any CPU.ActiveCfg = Debug|Any CPU
		{54978B6C-069D-4622-B3A7-5EF2FDE70064}.Debug|Any CPU.Build.0 = Debug|Any CPU
		{54978B6C-069D-4622-B3A7-5EF2FDE70064}.Release|Any CPU.ActiveCfg = Release|Any CPU
		{54978B6C-069D-4622-B3A7-5EF2FDE70064}.Release|Any CPU.Build.0 = Release|Any CPU
		{1CFB0BA2-CC3C-4E5B-9623-FF8429E1F6E0}.Debug|Any CPU.ActiveCfg = Debug|Any CPU
		{1CFB0BA2-CC3C-4E5B-9623-FF8429E1F6E0}.Debug|Any CPU.Build.0 = Debug|Any CPU
		{1CFB0BA2-CC3C-4E5B-9623-FF8429E1F6E0}.Release|Any CPU.ActiveCfg = Release|Any CPU
		{1CFB0BA2-CC3C-4E5B-9623-FF8429E1F6E0}.Release|Any CPU.Build.0 = Release|Any CPU
		{0D0F09A9-2898-46F8-B8BF-0317A1F4DFFA}.Debug|Any CPU.ActiveCfg = Debug|Any CPU
		{0D0F09A9-2898-46F8-B8BF-0317A1F4DFFA}.Debug|Any CPU.Build.0 = Debug|Any CPU
		{0D0F09A9-2898-46F8-B8BF-0317A1F4DFFA}.Release|Any CPU.ActiveCfg = Release|Any CPU
		{0D0F09A9-2898-46F8-B8BF-0317A1F4DFFA}.Release|Any CPU.Build.0 = Release|Any CPU
		{985D6C21-8D03-4B5F-A458-90730646CDA6}.Debug|Any CPU.ActiveCfg = Debug|Any CPU
		{985D6C21-8D03-4B5F-A458-90730646CDA6}.Debug|Any CPU.Build.0 = Debug|Any CPU
		{985D6C21-8D03-4B5F-A458-90730646CDA6}.Release|Any CPU.ActiveCfg = Release|Any CPU
		{985D6C21-8D03-4B5F-A458-90730646CDA6}.Release|Any CPU.Build.0 = Release|Any CPU
		{6ECFFF95-787D-4B17-B468-5EA5D7296B7C}.Debug|Any CPU.ActiveCfg = Debug|Any CPU
		{6ECFFF95-787D-4B17-B468-5EA5D7296B7C}.Debug|Any CPU.Build.0 = Debug|Any CPU
		{6ECFFF95-787D-4B17-B468-5EA5D7296B7C}.Release|Any CPU.ActiveCfg = Release|Any CPU
		{6ECFFF95-787D-4B17-B468-5EA5D7296B7C}.Release|Any CPU.Build.0 = Release|Any CPU
		{6FBCF96F-368D-4F4B-ABC2-AC2955270DF4}.Debug|Any CPU.ActiveCfg = Debug|Any CPU
		{6FBCF96F-368D-4F4B-ABC2-AC2955270DF4}.Debug|Any CPU.Build.0 = Debug|Any CPU
		{6FBCF96F-368D-4F4B-ABC2-AC2955270DF4}.Release|Any CPU.ActiveCfg = Release|Any CPU
		{6FBCF96F-368D-4F4B-ABC2-AC2955270DF4}.Release|Any CPU.Build.0 = Release|Any CPU
		{550562B3-6555-4303-BB89-E4C20621D4AF}.Debug|Any CPU.ActiveCfg = Debug|Any CPU
		{550562B3-6555-4303-BB89-E4C20621D4AF}.Debug|Any CPU.Build.0 = Debug|Any CPU
		{550562B3-6555-4303-BB89-E4C20621D4AF}.Release|Any CPU.ActiveCfg = Release|Any CPU
		{550562B3-6555-4303-BB89-E4C20621D4AF}.Release|Any CPU.Build.0 = Release|Any CPU
		{A27ECBA0-DEB8-4AD9-8D7A-1687696E2AC0}.Debug|Any CPU.ActiveCfg = Debug|Any CPU
		{A27ECBA0-DEB8-4AD9-8D7A-1687696E2AC0}.Debug|Any CPU.Build.0 = Debug|Any CPU
		{A27ECBA0-DEB8-4AD9-8D7A-1687696E2AC0}.Release|Any CPU.ActiveCfg = Release|Any CPU
		{A27ECBA0-DEB8-4AD9-8D7A-1687696E2AC0}.Release|Any CPU.Build.0 = Release|Any CPU
		{30B02697-95E4-4A17-BE94-A535D4579BE5}.Debug|Any CPU.ActiveCfg = Debug|Any CPU
		{30B02697-95E4-4A17-BE94-A535D4579BE5}.Debug|Any CPU.Build.0 = Debug|Any CPU
		{30B02697-95E4-4A17-BE94-A535D4579BE5}.Release|Any CPU.ActiveCfg = Release|Any CPU
		{30B02697-95E4-4A17-BE94-A535D4579BE5}.Release|Any CPU.Build.0 = Release|Any CPU
		{69777265-8EA7-4BA1-A051-DA196BF865CB}.Debug|Any CPU.ActiveCfg = Debug|Any CPU
		{69777265-8EA7-4BA1-A051-DA196BF865CB}.Debug|Any CPU.Build.0 = Debug|Any CPU
		{69777265-8EA7-4BA1-A051-DA196BF865CB}.Release|Any CPU.ActiveCfg = Release|Any CPU
		{69777265-8EA7-4BA1-A051-DA196BF865CB}.Release|Any CPU.Build.0 = Release|Any CPU
		{8AD4D8F0-5F2B-4C5C-A910-44BF4C317B2B}.Debug|Any CPU.ActiveCfg = Debug|Any CPU
		{8AD4D8F0-5F2B-4C5C-A910-44BF4C317B2B}.Debug|Any CPU.Build.0 = Debug|Any CPU
		{8AD4D8F0-5F2B-4C5C-A910-44BF4C317B2B}.Release|Any CPU.ActiveCfg = Release|Any CPU
		{8AD4D8F0-5F2B-4C5C-A910-44BF4C317B2B}.Release|Any CPU.Build.0 = Release|Any CPU
		{E6EE4F83-E07D-4CE7-8199-22C030AD2679}.Debug|Any CPU.ActiveCfg = Debug|Any CPU
		{E6EE4F83-E07D-4CE7-8199-22C030AD2679}.Debug|Any CPU.Build.0 = Debug|Any CPU
		{E6EE4F83-E07D-4CE7-8199-22C030AD2679}.Release|Any CPU.ActiveCfg = Release|Any CPU
		{E6EE4F83-E07D-4CE7-8199-22C030AD2679}.Release|Any CPU.Build.0 = Release|Any CPU
		{74ADE6F4-4ECD-4553-BBEF-3283E266B231}.Debug|Any CPU.ActiveCfg = Debug|Any CPU
		{74ADE6F4-4ECD-4553-BBEF-3283E266B231}.Debug|Any CPU.Build.0 = Debug|Any CPU
		{74ADE6F4-4ECD-4553-BBEF-3283E266B231}.Release|Any CPU.ActiveCfg = Release|Any CPU
		{74ADE6F4-4ECD-4553-BBEF-3283E266B231}.Release|Any CPU.Build.0 = Release|Any CPU
		{E546EC8F-7D0E-4591-AADD-33B5BA2165E0}.Debug|Any CPU.ActiveCfg = Debug|Any CPU
		{E546EC8F-7D0E-4591-AADD-33B5BA2165E0}.Debug|Any CPU.Build.0 = Debug|Any CPU
		{E546EC8F-7D0E-4591-AADD-33B5BA2165E0}.Release|Any CPU.ActiveCfg = Release|Any CPU
		{E546EC8F-7D0E-4591-AADD-33B5BA2165E0}.Release|Any CPU.Build.0 = Release|Any CPU
	EndGlobalSection
	GlobalSection(SolutionProperties) = preSolution
		HideSolutionNode = FALSE
	EndGlobalSection
	GlobalSection(NestedProjects) = preSolution
		{BFFFEB45-46BC-4E44-9582-3BEDBE17353B} = {52F11AA0-30C6-4A7A-9C51-9859FF1BBED5}
		{8030FB57-BEBC-430A-9C58-0290886AB55A} = {52F11AA0-30C6-4A7A-9C51-9859FF1BBED5}
		{F600C7B2-4D10-4B77-9AFB-47BE7B45AE43} = {52F11AA0-30C6-4A7A-9C51-9859FF1BBED5}
		{69626491-21CC-465B-8DD7-F304C7BE85F9} = {52F11AA0-30C6-4A7A-9C51-9859FF1BBED5}
		{E9CD728E-7C0B-4AD1-B482-CE7DF2930067} = {52F11AA0-30C6-4A7A-9C51-9859FF1BBED5}
		{829D9879-1F94-4998-966C-1CDB94971E7D} = {1BDAA468-1224-4F2B-8285-585FE2F86C52}
		{046EAE09-4449-46C6-BD6D-3D75E4ED0BF3} = {1BDAA468-1224-4F2B-8285-585FE2F86C52}
		{2779EF11-08B0-480B-84EF-739D78C85393} = {1BDAA468-1224-4F2B-8285-585FE2F86C52}
		{5B606482-100F-4DD3-8C7A-3CC441859630} = {1BDAA468-1224-4F2B-8285-585FE2F86C52}
		{BC580ABA-F988-416A-B3E5-DFBF74B4733D} = {03E8AE98-284D-48BB-AC0C-8964629F2108}
		{6A18750C-0572-41A7-97A1-80D52B1119BF} = {03E8AE98-284D-48BB-AC0C-8964629F2108}
		{A0C87C05-06B1-40DA-A31B-7EF05E38BD9D} = {51BC2D61-60FA-4D77-A58D-D05D1AFD4481}
		{F054F762-7E89-4C8F-8A24-8FC99498F055} = {51BC2D61-60FA-4D77-A58D-D05D1AFD4481}
		{E82BA72C-879E-4506-9C9C-8DB2A8AA8213} = {51BC2D61-60FA-4D77-A58D-D05D1AFD4481}
		{E0150B5A-E815-46FA-9CDD-0ED8BD2C9925} = {C198907D-ECD1-4656-AB6C-469CD8F92012}
		{000A409A-80F8-4FEE-8C7C-B81FC56D4FE6} = {C198907D-ECD1-4656-AB6C-469CD8F92012}
		{D1170B08-B64A-4A51-9AF3-AD1E344D5B57} = {C198907D-ECD1-4656-AB6C-469CD8F92012}
		{16DC1328-EE10-4409-9098-DC0B9E0E324B} = {C198907D-ECD1-4656-AB6C-469CD8F92012}
		{40E96453-1F7A-4BE1-8191-E5AAEE9877C3} = {C198907D-ECD1-4656-AB6C-469CD8F92012}
		{1398A784-25D4-4FED-ABC8-0AC93BD3E3A0} = {F1949F5C-D2B4-4B9A-9570-CD6305C8F5E7}
		{9273BF74-3A0F-453C-8172-DD6B20DCD7D3} = {F1949F5C-D2B4-4B9A-9570-CD6305C8F5E7}
		{53B13285-8B1F-4BA3-A065-2D16A5FCCC91} = {F1949F5C-D2B4-4B9A-9570-CD6305C8F5E7}
		{BBD46086-FCA2-4FC5-B61E-2ACCFAADD759} = {F1949F5C-D2B4-4B9A-9570-CD6305C8F5E7}
		{81C6D70C-F75E-46FE-8D2E-720BA25431E5} = {F1949F5C-D2B4-4B9A-9570-CD6305C8F5E7}
		{54978B6C-069D-4622-B3A7-5EF2FDE70064} = {F1949F5C-D2B4-4B9A-9570-CD6305C8F5E7}
		{1CFB0BA2-CC3C-4E5B-9623-FF8429E1F6E0} = {FEFE7F3B-BBE9-4225-BFBD-A88B0E66D6B6}
		{0D0F09A9-2898-46F8-B8BF-0317A1F4DFFA} = {FEFE7F3B-BBE9-4225-BFBD-A88B0E66D6B6}
		{985D6C21-8D03-4B5F-A458-90730646CDA6} = {FEFE7F3B-BBE9-4225-BFBD-A88B0E66D6B6}
		{6ECFFF95-787D-4B17-B468-5EA5D7296B7C} = {FEFE7F3B-BBE9-4225-BFBD-A88B0E66D6B6}
		{6FBCF96F-368D-4F4B-ABC2-AC2955270DF4} = {FEFE7F3B-BBE9-4225-BFBD-A88B0E66D6B6}
		{550562B3-6555-4303-BB89-E4C20621D4AF} = {FEFE7F3B-BBE9-4225-BFBD-A88B0E66D6B6}
		{A27ECBA0-DEB8-4AD9-8D7A-1687696E2AC0} = {FEFE7F3B-BBE9-4225-BFBD-A88B0E66D6B6}
		{30B02697-95E4-4A17-BE94-A535D4579BE5} = {0D84BAFF-3283-44F5-BFDB-23D661B43DAE}
		{69777265-8EA7-4BA1-A051-DA196BF865CB} = {0D84BAFF-3283-44F5-BFDB-23D661B43DAE}
		{8AD4D8F0-5F2B-4C5C-A910-44BF4C317B2B} = {FEFE7F3B-BBE9-4225-BFBD-A88B0E66D6B6}
		{E6EE4F83-E07D-4CE7-8199-22C030AD2679} = {0D84BAFF-3283-44F5-BFDB-23D661B43DAE}
		{74ADE6F4-4ECD-4553-BBEF-3283E266B231} = {C198907D-ECD1-4656-AB6C-469CD8F92012}
		{E546EC8F-7D0E-4591-AADD-33B5BA2165E0} = {F1949F5C-D2B4-4B9A-9570-CD6305C8F5E7}
	EndGlobalSection
	GlobalSection(ExtensibilityGlobals) = postSolution
		SolutionGuid = {D6350870-6749-43EC-8341-A80BAAEC5DE3}
	EndGlobalSection
EndGlobal
